
Microsoft Visual Studio Solution File, Format Version 12.00
# Visual Studio 2012
Project("{FAE04EC0-301F-11D3-BF4B-00C04F79EFBC}") = "Core", "Core\Core.csproj", "{8D92CEB5-BF93-40E4-B46A-DF621FC2AB58}"
EndProject
Project("{FAE04EC0-301F-11D3-BF4B-00C04F79EFBC}") = "IntegrationTests", "IntegrationTests\IntegrationTests.csproj", "{57C1F7BB-7922-40DD-9567-D7F673FF4456}"
EndProject
Project("{FAE04EC0-301F-11D3-BF4B-00C04F79EFBC}") = "UnitTests", "UnitTests\UnitTests.csproj", "{EB637A97-35DC-40B1-AD9D-3B2BF5B734DD}"
EndProject
Global
	GlobalSection(SolutionConfigurationPlatforms) = preSolution
		Debug|Any CPU = Debug|Any CPU
		Release|Any CPU = Release|Any CPU
	EndGlobalSection
	GlobalSection(ProjectConfigurationPlatforms) = postSolution
		{8D92CEB5-BF93-40E4-B46A-DF621FC2AB58}.Debug|Any CPU.ActiveCfg = Debug|Any CPU
		{8D92CEB5-BF93-40E4-B46A-DF621FC2AB58}.Debug|Any CPU.Build.0 = Debug|Any CPU
		{8D92CEB5-BF93-40E4-B46A-DF621FC2AB58}.Release|Any CPU.ActiveCfg = Release|Any CPU
		{8D92CEB5-BF93-40E4-B46A-DF621FC2AB58}.Release|Any CPU.Build.0 = Release|Any CPU
		{57C1F7BB-7922-40DD-9567-D7F673FF4456}.Debug|Any CPU.ActiveCfg = Debug|Any CPU
		{57C1F7BB-7922-40DD-9567-D7F673FF4456}.Debug|Any CPU.Build.0 = Debug|Any CPU
		{57C1F7BB-7922-40DD-9567-D7F673FF4456}.Release|Any CPU.ActiveCfg = Release|Any CPU
		{57C1F7BB-7922-40DD-9567-D7F673FF4456}.Release|Any CPU.Build.0 = Release|Any CPU
		{EB637A97-35DC-40B1-AD9D-3B2BF5B734DD}.Debug|Any CPU.ActiveCfg = Debug|Any CPU
		{EB637A97-35DC-40B1-AD9D-3B2BF5B734DD}.Debug|Any CPU.Build.0 = Debug|Any CPU
		{EB637A97-35DC-40B1-AD9D-3B2BF5B734DD}.Release|Any CPU.ActiveCfg = Release|Any CPU
		{EB637A97-35DC-40B1-AD9D-3B2BF5B734DD}.Release|Any CPU.Build.0 = Release|Any CPU
	EndGlobalSection
	GlobalSection(SolutionProperties) = preSolution
		HideSolutionNode = FALSE
	EndGlobalSection
	GlobalSection(ExtensibilityGlobals) = postSolution
		EnterpriseLibraryConfigurationToolBinariesPathV6 = packages\EnterpriseLibrary.TransientFaultHandling.6.0.1304.0\lib\portable-net45+win+wp8;packages\EnterpriseLibrary.TransientFaultHandling.Data.6.0.1304.1\lib\NET45
	EndGlobalSection
EndGlobal
